Microsoft Visual Studio Solution File, Format Version 12.00
# Visual Studio Version 17
VisualStudioVersion = 17.0.31903.59
MinimumVisualStudioVersion = 10.0.40219.1
Project("{2150E333-8FDC-42A3-9474-1A3956D46DE8}") = "src", "src", "{5414B397-B56C-46C8-9349-DC62145E003E}"
EndProject
Project("{FAE04EC0-301F-11D3-BF4B-00C04F79EFBC}") = "LindebergsHealth.Domain", "src\LindebergsHealth.Domain\LindebergsHealth.Domain.csproj", "{F59F0515-838C-4E27-813E-D905B2F3E128}"
EndProject
Project("{FAE04EC0-301F-11D3-BF4B-00C04F79EFBC}") = "LindebergsHealth.Application", "src\LindebergsHealth.Application\LindebergsHealth.Application.csproj", "{90A9CE7C-6E98-4139-8D84-E2061133ED85}"
EndProject
Project("{FAE04EC0-301F-11D3-BF4B-00C04F79EFBC}") = "LindebergsHealth.Infrastructure", "src\LindebergsHealth.Infrastructure\LindebergsHealth.Infrastructure.csproj", "{D87F931E-A0BD-4AA9-AED0-551B17A06279}"
EndProject
Project("{2150E333-8FDC-42A3-9474-1A3956D46DE8}") = "Presentation", "Presentation", "{73297FB1-DD34-4C9D-9C7E-CB16A086880D}"
EndProject
Project("{FAE04EC0-301F-11D3-BF4B-00C04F79EFBC}") = "LindebergsHealth.Api", "src\Presentation\LindebergsHealth.Api\LindebergsHealth.Api.csproj", "{D784448E-EBA3-4471-87CB-23B9C680481A}"
EndProject
Project("{FAE04EC0-301F-11D3-BF4B-00C04F79EFBC}") = "LindebergsHealth.BlazorApp", "src\Presentation\LindebergsHealth.BlazorApp\LindebergsHealth.BlazorApp.csproj", "{B7ED7EFA-1AE6-4E4C-BA79-B44C843F4C04}"
EndProject
Project("{2150E333-8FDC-42A3-9474-1A3956D46DE8}") = "tests", "tests", "{A02D8451-DAFB-4130-A500-31659FD703BA}"
EndProject
Project("{FAE04EC0-301F-11D3-BF4B-00C04F79EFBC}") = "LindebergsHealth.Domain.Tests", "tests\LindebergsHealth.Domain.Tests\LindebergsHealth.Domain.Tests.csproj", "{7BFCAF6E-DB62-41EA-B625-48A529202728}"
EndProject
Project("{FAE04EC0-301F-11D3-BF4B-00C04F79EFBC}") = "LindebergsHealth.Application.Tests", "tests\LindebergsHealth.Application.Tests\LindebergsHealth.Application.Tests.csproj", "{BE1C53C4-BCCA-4C7A-ADCC-7C616007F0D9}"
EndProject
Project("{FAE04EC0-301F-11D3-BF4B-00C04F79EFBC}") = "LindebergsHealth.Infrastructure.Tests", "tests\LindebergsHealth.Infrastructure.Tests\LindebergsHealth.Infrastructure.Tests.csproj", "{15355A59-7E6F-4B95-B2C1-DE5F173ADF02}"
EndProject
Project("{2150E333-8FDC-42A3-9474-1A3956D46DE8}") = "Presentation", "Presentation", "{17F6EC40-5855-4989-A84F-BFC6790CB513}"
EndProject
Project("{FAE04EC0-301F-11D3-BF4B-00C04F79EFBC}") = "LindebergsHealth.Api.Tests", "tests\Presentation\LindebergsHealth.Api.Tests\LindebergsHealth.Api.Tests.csproj", "{2AD224B4-94C1-46F5-8C83-9B85F3A407AE}"
EndProject
Project("{FAE04EC0-301F-11D3-BF4B-00C04F79EFBC}") = "LindebergsHealth.BlazorApp.Tests", "tests\Presentation\LindebergsHealth.BlazorApp.Tests\LindebergsHealth.BlazorApp.Tests.csproj", "{827B214F-F0A1-4DB8-84B5-D6C82E4F7EBB}"
EndProject
Global
	GlobalSection(SolutionConfigurationPlatforms) = preSolution
		Debug|Any CPU = Debug|Any CPU
		Release|Any CPU = Release|Any CPU
	EndGlobalSection
	GlobalSection(SolutionProperties) = preSolution
		HideSolutionNode = FALSE
	EndGlobalSection
	GlobalSection(ProjectConfigurationPlatforms) = postSolution
		{F59F0515-838C-4E27-813E-D905B2F3E128}.Debug|Any CPU.ActiveCfg = Debug|Any CPU
		{F59F0515-838C-4E27-813E-D905B2F3E128}.Debug|Any CPU.Build.0 = Debug|Any CPU
		{F59F0515-838C-4E27-813E-D905B2F3E128}.Release|Any CPU.ActiveCfg = Release|Any CPU
		{F59F0515-838C-4E27-813E-D905B2F3E128}.Release|Any CPU.Build.0 = Release|Any CPU
		{90A9CE7C-6E98-4139-8D84-E2061133ED85}.Debug|Any CPU.ActiveCfg = Debug|Any CPU
		{90A9CE7C-6E98-4139-8D84-E2061133ED85}.Debug|Any CPU.Build.0 = Debug|Any CPU
		{90A9CE7C-6E98-4139-8D84-E2061133ED85}.Release|Any CPU.ActiveCfg = Release|Any CPU
		{90A9CE7C-6E98-4139-8D84-E2061133ED85}.Release|Any CPU.Build.0 = Release|Any CPU
		{D87F931E-A0BD-4AA9-AED0-551B17A06279}.Debug|Any CPU.ActiveCfg = Debug|Any CPU
		{D87F931E-A0BD-4AA9-AED0-551B17A06279}.Debug|Any CPU.Build.0 = Debug|Any CPU
		{D87F931E-A0BD-4AA9-AED0-551B17A06279}.Release|Any CPU.ActiveCfg = Release|Any CPU
		{D87F931E-A0BD-4AA9-AED0-551B17A06279}.Release|Any CPU.Build.0 = Release|Any CPU
		{D784448E-EBA3-4471-87CB-23B9C680481A}.Debug|Any CPU.ActiveCfg = Debug|Any CPU
		{D784448E-EBA3-4471-87CB-23B9C680481A}.Debug|Any CPU.Build.0 = Debug|Any CPU
		{D784448E-EBA3-4471-87CB-23B9C680481A}.Release|Any CPU.ActiveCfg = Release|Any CPU
		{D784448E-EBA3-4471-87CB-23B9C680481A}.Release|Any CPU.Build.0 = Release|Any CPU
		{B7ED7EFA-1AE6-4E4C-BA79-B44C843F4C04}.Debug|Any CPU.ActiveCfg = Debug|Any CPU
		{B7ED7EFA-1AE6-4E4C-BA79-B44C843F4C04}.Debug|Any CPU.Build.0 = Debug|Any CPU
		{B7ED7EFA-1AE6-4E4C-BA79-B44C843F4C04}.Release|Any CPU.ActiveCfg = Release|Any CPU
		{B7ED7EFA-1AE6-4E4C-BA79-B44C843F4C04}.Release|Any CPU.Build.0 = Release|Any CPU
		{7BFCAF6E-DB62-41EA-B625-48A529202728}.Debug|Any CPU.ActiveCfg = Debug|Any CPU
		{7BFCAF6E-DB62-41EA-B625-48A529202728}.Debug|Any CPU.Build.0 = Debug|Any CPU
		{7BFCAF6E-DB62-41EA-B625-48A529202728}.Release|Any CPU.ActiveCfg = Release|Any CPU
		{7BFCAF6E-DB62-41EA-B625-48A529202728}.Release|Any CPU.Build.0 = Release|Any CPU
		{BE1C53C4-BCCA-4C7A-ADCC-7C616007F0D9}.Debug|Any CPU.ActiveCfg = Debug|Any CPU
		{BE1C53C4-BCCA-4C7A-ADCC-7C616007F0D9}.Debug|Any CPU.Build.0 = Debug|Any CPU
		{BE1C53C4-BCCA-4C7A-ADCC-7C616007F0D9}.Release|Any CPU.ActiveCfg = Release|Any CPU
		{BE1C53C4-BCCA-4C7A-ADCC-7C616007F0D9}.Release|Any CPU.Build.0 = Release|Any CPU
		{15355A59-7E6F-4B95-B2C1-DE5F173ADF02}.Debug|Any CPU.ActiveCfg = Debug|Any CPU
		{15355A59-7E6F-4B95-B2C1-DE5F173ADF02}.Debug|Any CPU.Build.0 = Debug|Any CPU
		{15355A59-7E6F-4B95-B2C1-DE5F173ADF02}.Release|Any CPU.ActiveCfg = Release|Any CPU
		{15355A59-7E6F-4B95-B2C1-DE5F173ADF02}.Release|Any CPU.Build.0 = Release|Any CPU
		{2AD224B4-94C1-46F5-8C83-9B85F3A407AE}.Debug|Any CPU.ActiveCfg = Debug|Any CPU
		{2AD224B4-94C1-46F5-8C83-9B85F3A407AE}.Debug|Any CPU.Build.0 = Debug|Any CPU
		{2AD224B4-94C1-46F5-8C83-9B85F3A407AE}.Release|Any CPU.ActiveCfg = Release|Any CPU
		{2AD224B4-94C1-46F5-8C83-9B85F3A407AE}.Release|Any CPU.Build.0 = Release|Any CPU
		{827B214F-F0A1-4DB8-84B5-D6C82E4F7EBB}.Debug|Any CPU.ActiveCfg = Debug|Any CPU
		{827B214F-F0A1-4DB8-84B5-D6C82E4F7EBB}.Debug|Any CPU.Build.0 = Debug|Any CPU
		{827B214F-F0A1-4DB8-84B5-D6C82E4F7EBB}.Release|Any CPU.ActiveCfg = Release|Any CPU
		{827B214F-F0A1-4DB8-84B5-D6C82E4F7EBB}.Release|Any CPU.Build.0 = Release|Any CPU
	EndGlobalSection
	GlobalSection(NestedProjects) = preSolution
		{F59F0515-838C-4E27-813E-D905B2F3E128} = {5414B397-B56C-46C8-9349-DC62145E003E}
		{90A9CE7C-6E98-4139-8D84-E2061133ED85} = {5414B397-B56C-46C8-9349-DC62145E003E}
		{D87F931E-A0BD-4AA9-AED0-551B17A06279} = {5414B397-B56C-46C8-9349-DC62145E003E}
		{73297FB1-DD34-4C9D-9C7E-CB16A086880D} = {5414B397-B56C-46C8-9349-DC62145E003E}
		{D784448E-EBA3-4471-87CB-23B9C680481A} = {73297FB1-DD34-4C9D-9C7E-CB16A086880D}
		{B7ED7EFA-1AE6-4E4C-BA79-B44C843F4C04} = {73297FB1-DD34-4C9D-9C7E-CB16A086880D}
		{7BFCAF6E-DB62-41EA-B625-48A529202728} = {A02D8451-DAFB-4130-A500-31659FD703BA}
		{BE1C53C4-BCCA-4C7A-ADCC-7C616007F0D9} = {A02D8451-DAFB-4130-A500-31659FD703BA}
		{15355A59-7E6F-4B95-B2C1-DE5F173ADF02} = {A02D8451-DAFB-4130-A500-31659FD703BA}
		{17F6EC40-5855-4989-A84F-BFC6790CB513} = {A02D8451-DAFB-4130-A500-31659FD703BA}
		{2AD224B4-94C1-46F5-8C83-9B85F3A407AE} = {17F6EC40-5855-4989-A84F-BFC6790CB513}
		{827B214F-F0A1-4DB8-84B5-D6C82E4F7EBB} = {17F6EC40-5855-4989-A84F-BFC6790CB513}
	EndGlobalSection
EndGlobal
